
Microsoft Visual Studio Solution File, Format Version 12.00
# Visual Studio Version 16
VisualStudioVersion = 16.0.30804.86
MinimumVisualStudioVersion = 10.0.40219.1
Project("{FAE04EC0-301F-11D3-BF4B-00C04F79EFBC}") = "shoppingstore", "shoppingstore\shoppingstore.csproj", "{9FFA16B3-6D32-4E1E-824A-4756E299E7FF}"
EndProject
Global
	GlobalSection(SolutionConfigurationPlatforms) = preSolution
		Debug|Any CPU = Debug|Any CPU
		Release|Any CPU = Release|Any CPU
	EndGlobalSection
	GlobalSection(ProjectConfigurationPlatforms) = postSolution
		{9FFA16B3-6D32-4E1E-824A-4756E299E7FF}.Debug|Any CPU.ActiveCfg = Debug|Any CPU
		{9FFA16B3-6D32-4E1E-824A-4756E299E7FF}.Debug|Any CPU.Build.0 = Debug|Any CPU
		{9FFA16B3-6D32-4E1E-824A-4756E299E7FF}.Release|Any CPU.ActiveCfg = Release|Any CPU
		{9FFA16B3-6D32-4E1E-824A-4756E299E7FF}.Release|Any CPU.Build.0 = Release|Any CPU
	EndGlobalSection
	GlobalSection(SolutionProperties) = preSolution
		HideSolutionNode = FALSE
	EndGlobalSection
	GlobalSection(ExtensibilityGlobals) = postSolution
		SolutionGuid = {17F510A9-ABEE-4056-A6EE-87E4234E5F65}
	EndGlobalSection
EndGlobal
